
Microsoft Visual Studio Solution File, Format Version 12.00
# Visual Studio Version 17
VisualStudioVersion = 17.8.34330.188
MinimumVisualStudioVersion = 10.0.40219.1
Project("{FAE04EC0-301F-11D3-BF4B-00C04F79EFBC}") = "QueryLite.Utility", "QueryLite.Utility.csproj", "{6E150028-A423-4D73-A611-13A569062A6B}"
EndProject
Global
	GlobalSection(SolutionConfigurationPlatforms) = preSolution
		Debug|Any CPU = Debug|Any CPU
		Release|Any CPU = Release|Any CPU
	EndGlobalSection
	GlobalSection(ProjectConfigurationPlatforms) = postSolution
		{6E150028-A423-4D73-A611-13A569062A6B}.Debug|Any CPU.ActiveCfg = Debug|Any CPU
		{6E150028-A423-4D73-A611-13A569062A6B}.Debug|Any CPU.Build.0 = Debug|Any CPU
		{6E150028-A423-4D73-A611-13A569062A6B}.Release|Any CPU.ActiveCfg = Release|Any CPU
		{6E150028-A423-4D73-A611-13A569062A6B}.Release|Any CPU.Build.0 = Release|Any CPU
	EndGlobalSection
	GlobalSection(SolutionProperties) = preSolution
		HideSolutionNode = FALSE
	EndGlobalSection
	GlobalSection(ExtensibilityGlobals) = postSolution
		SolutionGuid = {0700BE0B-20F1-48F5-B3C3-8AE27E2EE689}
	EndGlobalSection
EndGlobal
